// !$*UTF8*$!
{
	archiveVersion = 1;
	classes = {
	};
	objectVersion = 46;
	objects = {

/* Begin PBXBuildFile section */
		3C8BB21D6AAAE7F2A1D2FF33 /* Pods_WeiBo.framework in Frameworks */ = {isa = PBXBuildFile; fileRef = A26B6B94EB26B98A90F76FAB /* Pods_WeiBo.framework */; };
		4A97F4862F7EB52BE19064C8 /* Pods_WeiBoTests.framework in Frameworks */ = {isa = PBXBuildFile; fileRef = FB175CB9AED304009267D8F8 /* Pods_WeiBoTests.framework */; };
		B066FB6E1D0A4DEFE5EB4835 /* Pods_WeiBoUITests.framework in Frameworks */ = {isa = PBXBuildFile; fileRef = 1F44F73E54A06FBF27BB0DBA /* Pods_WeiBoUITests.framework */; };
		B801642D1D9D761900F9A0BF /* MainViewController.swift in Sources */ = {isa = PBXBuildFile; fileRef = B801642C1D9D761900F9A0BF /* MainViewController.swift */; };
		B80164351D9D77D900F9A0BF /* HomeViewController.swift in Sources */ = {isa = PBXBuildFile; fileRef = B80164341D9D77D900F9A0BF /* HomeViewController.swift */; };
		B80164371D9D77EB00F9A0BF /* MessageViewController.swift in Sources */ = {isa = PBXBuildFile; fileRef = B80164361D9D77EB00F9A0BF /* MessageViewController.swift */; };
		B80164391D9D77F900F9A0BF /* DiscoverViewController.swift in Sources */ = {isa = PBXBuildFile; fileRef = B80164381D9D77F900F9A0BF /* DiscoverViewController.swift */; };
		B801643B1D9D780800F9A0BF /* ProfileViewController.swift in Sources */ = {isa = PBXBuildFile; fileRef = B801643A1D9D780800F9A0BF /* ProfileViewController.swift */; };
		B817C6341DA28993008AB6F8 /* OAuthViewController.swift in Sources */ = {isa = PBXBuildFile; fileRef = B817C6321DA28993008AB6F8 /* OAuthViewController.swift */; };
		B817C6351DA28993008AB6F8 /* OAuthViewController.xib in Resources */ = {isa = PBXBuildFile; fileRef = B817C6331DA28993008AB6F8 /* OAuthViewController.xib */; };
		B817C6371DA28FC3008AB6F8 /* Common.swift in Sources */ = {isa = PBXBuildFile; fileRef = B817C6361DA28FC3008AB6F8 /* Common.swift */; };
		B817C6391DA29C24008AB6F8 /* UserAccount.swift in Sources */ = {isa = PBXBuildFile; fileRef = B817C6381DA29C24008AB6F8 /* UserAccount.swift */; };
		B83A77521DA0E0AE00F4A8CD /* UIBarButtonItem-Extension.swift in Sources */ = {isa = PBXBuildFile; fileRef = B83A77511DA0E0AE00F4A8CD /* UIBarButtonItem-Extension.swift */; };
		B83A77541DA0E41A00F4A8CD /* TitleButton.swift in Sources */ = {isa = PBXBuildFile; fileRef = B83A77531DA0E41A00F4A8CD /* TitleButton.swift */; };
		B83A775A1DA0E9F300F4A8CD /* PopoverViewController.swift in Sources */ = {isa = PBXBuildFile; fileRef = B83A77581DA0E9F300F4A8CD /* PopoverViewController.swift */; };
		B83A775B1DA0E9F300F4A8CD /* PopoverViewController.xib in Resources */ = {isa = PBXBuildFile; fileRef = B83A77591DA0E9F300F4A8CD /* PopoverViewController.xib */; };
		B83A775D1DA0EFE500F4A8CD /* WBPresentationController.swift in Sources */ = {isa = PBXBuildFile; fileRef = B83A775C1DA0EFE500F4A8CD /* WBPresentationController.swift */; };
		B83C32B91D9E166C007D7C3B /* Main.storyboard in Resources */ = {isa = PBXBuildFile; fileRef = B83C32B71D9E166C007D7C3B /* Main.storyboard */; };
		B83C32BC1D9E1AD7007D7C3B /* Home.storyboard in Resources */ = {isa = PBXBuildFile; fileRef = B83C32BA1D9E1AD7007D7C3B /* Home.storyboard */; };
		B83C32BE1D9E1B1F007D7C3B /* Message.storyboard in Resources */ = {isa = PBXBuildFile; fileRef = B83C32BD1D9E1B1F007D7C3B /* Message.storyboard */; };
		B83C32C11D9E1B36007D7C3B /* Discover.storyboard in Resources */ = {isa = PBXBuildFile; fileRef = B83C32BF1D9E1B36007D7C3B /* Discover.storyboard */; };
		B83C32C31D9E1B44007D7C3B /* Profile.storyboard in Resources */ = {isa = PBXBuildFile; fileRef = B83C32C21D9E1B44007D7C3B /* Profile.storyboard */; };
		B83C32C61D9E2943007D7C3B /* Null.storyboard in Resources */ = {isa = PBXBuildFile; fileRef = B83C32C41D9E2943007D7C3B /* Null.storyboard */; };
		B83C32CA1D9E40DC007D7C3B /* UIButton-Extension.swift in Sources */ = {isa = PBXBuildFile; fileRef = B83C32C91D9E40DB007D7C3B /* UIButton-Extension.swift */; };
		B83C32D01D9E4C07007D7C3B /* BaseViewController.swift in Sources */ = {isa = PBXBuildFile; fileRef = B83C32CF1D9E4C07007D7C3B /* BaseViewController.swift */; };
		B83C32D21D9E4E6F007D7C3B /* VistorView.swift in Sources */ = {isa = PBXBuildFile; fileRef = B83C32D11D9E4E6F007D7C3B /* VistorView.swift */; };
		B83C32D41D9E4E9B007D7C3B /* VistorView.xib in Resources */ = {isa = PBXBuildFile; fileRef = B83C32D31D9E4E9B007D7C3B /* VistorView.xib */; };
		B84118811DA163450014DCDD /* PopoverViewAnimation.swift in Sources */ = {isa = PBXBuildFile; fileRef = B84118801DA163450014DCDD /* PopoverViewAnimation.swift */; };
		B89933811D9D6E34005B56AD /* AppDelegate.swift in Sources */ = {isa = PBXBuildFile; fileRef = B89933801D9D6E34005B56AD /* AppDelegate.swift */; };
		B89933881D9D6E34005B56AD /* Assets.xcassets in Resources */ = {isa = PBXBuildFile; fileRef = B89933871D9D6E34005B56AD /* Assets.xcassets */; };
		B89933961D9D6E34005B56AD /* WeiBoTests.swift in Sources */ = {isa = PBXBuildFile; fileRef = B89933951D9D6E34005B56AD /* WeiBoTests.swift */; };
		B89933A11D9D6E34005B56AD /* WeiBoUITests.swift in Sources */ = {isa = PBXBuildFile; fileRef = B89933A01D9D6E34005B56AD /* WeiBoUITests.swift */; };
		B8FE6F771DA25066006DC08F /* HTTPRequestTool.swift in Sources */ = {isa = PBXBuildFile; fileRef = B8FE6F761DA25066006DC08F /* HTTPRequestTool.swift */; };
/* End PBXBuildFile section */

/* Begin PBXContainerItemProxy section */
		B89933921D9D6E34005B56AD /* PBXContainerItemProxy */ = {
			isa = PBXContainerItemProxy;
			containerPortal = B89933751D9D6E34005B56AD /* Project object */;
			proxyType = 1;
			remoteGlobalIDString = B899337C1D9D6E34005B56AD;
			remoteInfo = WeiBo;
		};
		B899339D1D9D6E34005B56AD /* PBXContainerItemProxy */ = {
			isa = PBXContainerItemProxy;
			containerPortal = B89933751D9D6E34005B56AD /* Project object */;
			proxyType = 1;
			remoteGlobalIDString = B899337C1D9D6E34005B56AD;
			remoteInfo = WeiBo;
		};
/* End PBXContainerItemProxy section */

/* Begin PBXFileReference section */
		1F44F73E54A06FBF27BB0DBA /* Pods_WeiBoUITests.framework */ = {isa = PBXFileReference; explicitFileType = wrapper.framework; includeInIndex = 0; path = Pods_WeiBoUITests.framework; sourceTree = BUILT_PRODUCTS_DIR; };
		51ECFBB0BC1CFBD70A9700F7 /* Pods-WeiBoUITests.release.xcconfig */ = {isa = PBXFileReference; includeInIndex = 1; lastKnownFileType = text.xcconfig; name = "Pods-WeiBoUITests.release.xcconfig"; path = "Pods/Target Support Files/Pods-WeiBoUITests/Pods-WeiBoUITests.release.xcconfig"; sourceTree = "<group>"; };
		6A9961BA5DD61BF287921D05 /* Pods-WeiBoTests.release.xcconfig */ = {isa = PBXFileReference; includeInIndex = 1; lastKnownFileType = text.xcconfig; name = "Pods-WeiBoTests.release.xcconfig"; path = "Pods/Target Support Files/Pods-WeiBoTests/Pods-WeiBoTests.release.xcconfig"; sourceTree = "<group>"; };
		6CE74A69B633AE8877927589 /* Pods-WeiBo.release.xcconfig */ = {isa = PBXFileReference; includeInIndex = 1; lastKnownFileType = text.xcconfig; name = "Pods-WeiBo.release.xcconfig"; path = "Pods/Target Support Files/Pods-WeiBo/Pods-WeiBo.release.xcconfig"; sourceTree = "<group>"; };
		8F8570C1B05609FA799A00A9 /* Pods-WeiBoTests.debug.xcconfig */ = {isa = PBXFileReference; includeInIndex = 1; lastKnownFileType = text.xcconfig; name = "Pods-WeiBoTests.debug.xcconfig"; path = "Pods/Target Support Files/Pods-WeiBoTests/Pods-WeiBoTests.debug.xcconfig"; sourceTree = "<group>"; };
		A26B6B94EB26B98A90F76FAB /* Pods_WeiBo.framework */ = {isa = PBXFileReference; explicitFileType = wrapper.framework; includeInIndex = 0; path = Pods_WeiBo.framework; sourceTree = BUILT_PRODUCTS_DIR; };
		B801642C1D9D761900F9A0BF /* MainViewController.swift */ = {isa = PBXFileReference; fileEncoding = 4; lastKnownFileType = sourcecode.swift; path = MainViewController.swift; sourceTree = "<group>"; };
		B80164341D9D77D900F9A0BF /* HomeViewController.swift */ = {isa = PBXFileReference; fileEncoding = 4; lastKnownFileType = sourcecode.swift; path = HomeViewController.swift; sourceTree = "<group>"; };
		B80164361D9D77EB00F9A0BF /* MessageViewController.swift */ = {isa = PBXFileReference; fileEncoding = 4; lastKnownFileType = sourcecode.swift; path = MessageViewController.swift; sourceTree = "<group>"; };
		B80164381D9D77F900F9A0BF /* DiscoverViewController.swift */ = {isa = PBXFileReference; fileEncoding = 4; lastKnownFileType = sourcecode.swift; path = DiscoverViewController.swift; sourceTree = "<group>"; };
		B801643A1D9D780800F9A0BF /* ProfileViewController.swift */ = {isa = PBXFileReference; fileEncoding = 4; lastKnownFileType = sourcecode.swift; path = ProfileViewController.swift; sourceTree = "<group>"; };
		B817C6321DA28993008AB6F8 /* OAuthViewController.swift */ = {isa = PBXFileReference; fileEncoding = 4; lastKnownFileType = sourcecode.swift; path = OAuthViewController.swift; sourceTree = "<group>"; };
		B817C6331DA28993008AB6F8 /* OAuthViewController.xib */ = {isa = PBXFileReference; fileEncoding = 4; lastKnownFileType = file.xib; path = OAuthViewController.xib; sourceTree = "<group>"; };
		B817C6361DA28FC3008AB6F8 /* Common.swift */ = {isa = PBXFileReference; fileEncoding = 4; lastKnownFileType = sourcecode.swift; path = Common.swift; sourceTree = "<group>"; };
		B817C6381DA29C24008AB6F8 /* UserAccount.swift */ = {isa = PBXFileReference; fileEncoding = 4; lastKnownFileType = sourcecode.swift; path = UserAccount.swift; sourceTree = "<group>"; };
		B83A77511DA0E0AE00F4A8CD /* UIBarButtonItem-Extension.swift */ = {isa = PBXFileReference; fileEncoding = 4; lastKnownFileType = sourcecode.swift; path = "UIBarButtonItem-Extension.swift"; sourceTree = "<group>"; };
		B83A77531DA0E41A00F4A8CD /* TitleButton.swift */ = {isa = PBXFileReference; fileEncoding = 4; lastKnownFileType = sourcecode.swift; name = TitleButton.swift; path = ../TitleButton.swift; sourceTree = "<group>"; };
		B83A77581DA0E9F300F4A8CD /* PopoverViewController.swift */ = {isa = PBXFileReference; fileEncoding = 4; lastKnownFileType = sourcecode.swift; path = PopoverViewController.swift; sourceTree = "<group>"; };
		B83A77591DA0E9F300F4A8CD /* PopoverViewController.xib */ = {isa = PBXFileReference; fileEncoding = 4; lastKnownFileType = file.xib; path = PopoverViewController.xib; sourceTree = "<group>"; };
		B83A775C1DA0EFE500F4A8CD /* WBPresentationController.swift */ = {isa = PBXFileReference; fileEncoding = 4; lastKnownFileType = sourcecode.swift; path = WBPresentationController.swift; sourceTree = "<group>"; };
		B83C32B81D9E166C007D7C3B /* Base */ = {isa = PBXFileReference; lastKnownFileType = file.storyboard; name = Base; path = Base.lproj/Main.storyboard; sourceTree = "<group>"; };
		B83C32BB1D9E1AD7007D7C3B /* Base */ = {isa = PBXFileReference; lastKnownFileType = file.storyboard; name = Base; path = Base.lproj/Home.storyboard; sourceTree = "<group>"; };
		B83C32BD1D9E1B1F007D7C3B /* Message.storyboard */ = {isa = PBXFileReference; fileEncoding = 4; lastKnownFileType = file.storyboard; name = Message.storyboard; path = ../../Message.storyboard; sourceTree = "<group>"; };
		B83C32C01D9E1B36007D7C3B /* Base */ = {isa = PBXFileReference; lastKnownFileType = file.storyboard; name = Base; path = Base.lproj/Discover.storyboard; sourceTree = "<group>"; };
		B83C32C21D9E1B44007D7C3B /* Profile.storyboard */ = {isa = PBXFileReference; fileEncoding = 4; lastKnownFileType = file.storyboard; name = Profile.storyboard; path = ../../Profile.storyboard; sourceTree = "<group>"; };
		B83C32C51D9E2943007D7C3B /* Base */ = {isa = PBXFileReference; lastKnownFileType = file.storyboard; name = Base; path = Base.lproj/Null.storyboard; sourceTree = "<group>"; };
		B83C32C91D9E40DB007D7C3B /* UIButton-Extension.swift */ = {isa = PBXFileReference; fileEncoding = 4; lastKnownFileType = sourcecode.swift; path = "UIButton-Extension.swift"; sourceTree = "<group>"; };
		B83C32CF1D9E4C07007D7C3B /* BaseViewController.swift */ = {isa = PBXFileReference; fileEncoding = 4; lastKnownFileType = sourcecode.swift; path = BaseViewController.swift; sourceTree = "<group>"; };
		B83C32D11D9E4E6F007D7C3B /* VistorView.swift */ = {isa = PBXFileReference; fileEncoding = 4; lastKnownFileType = sourcecode.swift; path = VistorView.swift; sourceTree = "<group>"; };
		B83C32D31D9E4E9B007D7C3B /* VistorView.xib */ = {isa = PBXFileReference; fileEncoding = 4; lastKnownFileType = file.xib; path = VistorView.xib; sourceTree = "<group>"; };
		B84118801DA163450014DCDD /* PopoverViewAnimation.swift */ = {isa = PBXFileReference; fileEncoding = 4; lastKnownFileType = sourcecode.swift; path = PopoverViewAnimation.swift; sourceTree = "<group>"; };
		B899337D1D9D6E34005B56AD /* WeiBo.app */ = {isa = PBXFileReference; explicitFileType = wrapper.application; includeInIndex = 0; path = WeiBo.app; sourceTree = BUILT_PRODUCTS_DIR; };
		B89933801D9D6E34005B56AD /* AppDelegate.swift */ = {isa = PBXFileReference; lastKnownFileType = sourcecode.swift; path = AppDelegate.swift; sourceTree = "<group>"; };
		B89933871D9D6E34005B56AD /* Assets.xcassets */ = {isa = PBXFileReference; lastKnownFileType = folder.assetcatalog; path = Assets.xcassets; sourceTree = "<group>"; };
		B899338C1D9D6E34005B56AD /* Info.plist */ = {isa = PBXFileReference; lastKnownFileType = text.plist.xml; path = Info.plist; sourceTree = "<group>"; };
		B89933911D9D6E34005B56AD /* WeiBoTests.xctest */ = {isa = PBXFileReference; explicitFileType = wrapper.cfbundle; includeInIndex = 0; path = WeiBoTests.xctest; sourceTree = BUILT_PRODUCTS_DIR; };
		B89933951D9D6E34005B56AD /* WeiBoTests.swift */ = {isa = PBXFileReference; lastKnownFileType = sourcecode.swift; path = WeiBoTests.swift; sourceTree = "<group>"; };
		B89933971D9D6E34005B56AD /* Info.plist */ = {isa = PBXFileReference; lastKnownFileType = text.plist.xml; path = Info.plist; sourceTree = "<group>"; };
		B899339C1D9D6E34005B56AD /* WeiBoUITests.xctest */ = {isa = PBXFileReference; explicitFileType = wrapper.cfbundle; includeInIndex = 0; path = WeiBoUITests.xctest; sourceTree = BUILT_PRODUCTS_DIR; };
		B89933A01D9D6E34005B56AD /* WeiBoUITests.swift */ = {isa = PBXFileReference; lastKnownFileType = sourcecode.swift; path = WeiBoUITests.swift; sourceTree = "<group>"; };
		B89933A21D9D6E34005B56AD /* Info.plist */ = {isa = PBXFileReference; lastKnownFileType = text.plist.xml; path = Info.plist; sourceTree = "<group>"; };
		B8FE6F761DA25066006DC08F /* HTTPRequestTool.swift */ = {isa = PBXFileReference; fileEncoding = 4; lastKnownFileType = sourcecode.swift; path = HTTPRequestTool.swift; sourceTree = "<group>"; };
		D2C9C42336C1762F39A758C5 /* Pods-WeiBoUITests.debug.xcconfig */ = {isa = PBXFileReference; includeInIndex = 1; lastKnownFileType = text.xcconfig; name = "Pods-WeiBoUITests.debug.xcconfig"; path = "Pods/Target Support Files/Pods-WeiBoUITests/Pods-WeiBoUITests.debug.xcconfig"; sourceTree = "<group>"; };
		F3D74B9FE996942BCD16B33A /* Pods-WeiBo.debug.xcconfig */ = {isa = PBXFileReference; includeInIndex = 1; lastKnownFileType = text.xcconfig; name = "Pods-WeiBo.debug.xcconfig"; path = "Pods/Target Support Files/Pods-WeiBo/Pods-WeiBo.debug.xcconfig"; sourceTree = "<group>"; };
		FB175CB9AED304009267D8F8 /* Pods_WeiBoTests.framework */ = {isa = PBXFileReference; explicitFileType = wrapper.framework; includeInIndex = 0; path = Pods_WeiBoTests.framework; sourceTree = BUILT_PRODUCTS_DIR; };
/* End PBXFileReference section */

/* Begin PBXFrameworksBuildPhase section */
		B899337A1D9D6E34005B56AD /* Frameworks */ = {
			isa = PBXFrameworksBuildPhase;
			buildActionMask = 2147483647;
			files = (
				3C8BB21D6AAAE7F2A1D2FF33 /* Pods_WeiBo.framework in Frameworks */,
			);
			runOnlyForDeploymentPostprocessing = 0;
		};
		B899338E1D9D6E34005B56AD /* Frameworks */ = {
			isa = PBXFrameworksBuildPhase;
			buildActionMask = 2147483647;
			files = (
				4A97F4862F7EB52BE19064C8 /* Pods_WeiBoTests.framework in Frameworks */,
			);
			runOnlyForDeploymentPostprocessing = 0;
		};
		B89933991D9D6E34005B56AD /* Frameworks */ = {
			isa = PBXFrameworksBuildPhase;
			buildActionMask = 2147483647;
			files = (
				B066FB6E1D0A4DEFE5EB4835 /* Pods_WeiBoUITests.framework in Frameworks */,
			);
			runOnlyForDeploymentPostprocessing = 0;
		};
/* End PBXFrameworksBuildPhase section */

/* Begin PBXGroup section */
		4E3D534E5F76E204AED882AB /* Frameworks */ = {
			isa = PBXGroup;
			children = (
				A26B6B94EB26B98A90F76FAB /* Pods_WeiBo.framework */,
				FB175CB9AED304009267D8F8 /* Pods_WeiBoTests.framework */,
				1F44F73E54A06FBF27BB0DBA /* Pods_WeiBoUITests.framework */,
			);
			name = Frameworks;
			sourceTree = "<group>";
		};
		84BA50E4C18F092598DA84BF /* Pods */ = {
			isa = PBXGroup;
			children = (
				F3D74B9FE996942BCD16B33A /* Pods-WeiBo.debug.xcconfig */,
				6CE74A69B633AE8877927589 /* Pods-WeiBo.release.xcconfig */,
				8F8570C1B05609FA799A00A9 /* Pods-WeiBoTests.debug.xcconfig */,
				6A9961BA5DD61BF287921D05 /* Pods-WeiBoTests.release.xcconfig */,
				D2C9C42336C1762F39A758C5 /* Pods-WeiBoUITests.debug.xcconfig */,
				51ECFBB0BC1CFBD70A9700F7 /* Pods-WeiBoUITests.release.xcconfig */,
			);
			name = Pods;
			sourceTree = "<group>";
		};
		B80164261D9D747300F9A0BF /* CLasses */ = {
			isa = PBXGroup;
			children = (
				B83C32C71D9E4074007D7C3B /* Tools(工具) */,
				B80164291D9D747300F9A0BF /* Main(主要) */,
				B80164281D9D747300F9A0BF /* Home(首页) */,
				B801642A1D9D747300F9A0BF /* Message(消息) */,
				B80164271D9D747300F9A0BF /* Discover(发现) */,
				B801642B1D9D747300F9A0BF /* Profile(我的) */,
			);
			path = CLasses;
			sourceTree = "<group>";
		};
		B80164271D9D747300F9A0BF /* Discover(发现) */ = {
			isa = PBXGroup;
			children = (
				B83C32BF1D9E1B36007D7C3B /* Discover.storyboard */,
				B80164381D9D77F900F9A0BF /* DiscoverViewController.swift */,
			);
			path = "Discover(发现)";
			sourceTree = "<group>";
		};
		B80164281D9D747300F9A0BF /* Home(首页) */ = {
			isa = PBXGroup;
			children = (
				B83A77551DA0E99900F4A8CD /* UIPopover */,
				B83C32BA1D9E1AD7007D7C3B /* Home.storyboard */,
				B80164341D9D77D900F9A0BF /* HomeViewController.swift */,
			);
			path = "Home(首页)";
			sourceTree = "<group>";
		};
		B80164291D9D747300F9A0BF /* Main(主要) */ = {
			isa = PBXGroup;
			children = (
				B83C32CB1D9E4B9B007D7C3B /* Resource */,
				B83C32CC1D9E4B9B007D7C3B /* VistorView */,
				B817C6311DA28972008AB6F8 /* OAuth */,
				B801642C1D9D761900F9A0BF /* MainViewController.swift */,
			);
			path = "Main(主要)";
			sourceTree = "<group>";
		};
		B801642A1D9D747300F9A0BF /* Message(消息) */ = {
			isa = PBXGroup;
			children = (
				B83C32BD1D9E1B1F007D7C3B /* Message.storyboard */,
				B80164361D9D77EB00F9A0BF /* MessageViewController.swift */,
			);
			path = "Message(消息)";
			sourceTree = "<group>";
		};
		B801642B1D9D747300F9A0BF /* Profile(我的) */ = {
			isa = PBXGroup;
			children = (
				B83C32C21D9E1B44007D7C3B /* Profile.storyboard */,
				B801643A1D9D780800F9A0BF /* ProfileViewController.swift */,
			);
			path = "Profile(我的)";
			sourceTree = "<group>";
		};
		B817C6311DA28972008AB6F8 /* OAuth */ = {
			isa = PBXGroup;
			children = (
				B817C6321DA28993008AB6F8 /* OAuthViewController.swift */,
				B817C6331DA28993008AB6F8 /* OAuthViewController.xib */,
				B817C6381DA29C24008AB6F8 /* UserAccount.swift */,
			);
			path = OAuth;
			sourceTree = "<group>";
		};
		B83A77551DA0E99900F4A8CD /* UIPopover */ = {
			isa = PBXGroup;
			children = (
				B83A77581DA0E9F300F4A8CD /* PopoverViewController.swift */,
				B83A77591DA0E9F300F4A8CD /* PopoverViewController.xib */,
				B83A775C1DA0EFE500F4A8CD /* WBPresentationController.swift */,
				B84118801DA163450014DCDD /* PopoverViewAnimation.swift */,
			);
			path = UIPopover;
			sourceTree = "<group>";
		};
		B83C32C71D9E4074007D7C3B /* Tools(工具) */ = {
			isa = PBXGroup;
			children = (
				B8FE6F751DA25024006DC08F /* HTTPTools */,
			);
			path = "Tools(工具)";
			sourceTree = "<group>";
		};
		B83C32C81D9E40AE007D7C3B /* Category */ = {
			isa = PBXGroup;
			children = (
				B83C32C91D9E40DB007D7C3B /* UIButton-Extension.swift */,
				B83A77511DA0E0AE00F4A8CD /* UIBarButtonItem-Extension.swift */,
			);
			name = Category;
			path = ../Category;
			sourceTree = "<group>";
		};
		B83C32CB1D9E4B9B007D7C3B /* Resource */ = {
			isa = PBXGroup;
			children = (
			);
			path = Resource;
			sourceTree = "<group>";
		};
		B83C32CC1D9E4B9B007D7C3B /* VistorView */ = {
			isa = PBXGroup;
			children = (
				B83C32CF1D9E4C07007D7C3B /* BaseViewController.swift */,
				B83C32D11D9E4E6F007D7C3B /* VistorView.swift */,
				B83C32D31D9E4E9B007D7C3B /* VistorView.xib */,
			);
			path = VistorView;
			sourceTree = "<group>";
		};
		B89933741D9D6E34005B56AD = {
			isa = PBXGroup;
			children = (
				B899337F1D9D6E34005B56AD /* WeiBo */,
				B89933941D9D6E34005B56AD /* WeiBoTests */,
				B899339F1D9D6E34005B56AD /* WeiBoUITests */,
				B899337E1D9D6E34005B56AD /* Products */,
				84BA50E4C18F092598DA84BF /* Pods */,
				4E3D534E5F76E204AED882AB /* Frameworks */,
			);
			sourceTree = "<group>";
		};
		B899337E1D9D6E34005B56AD /* Products */ = {
			isa = PBXGroup;
			children = (
				B899337D1D9D6E34005B56AD /* WeiBo.app */,
				B89933911D9D6E34005B56AD /* WeiBoTests.xctest */,
				B899339C1D9D6E34005B56AD /* WeiBoUITests.xctest */,
			);
			name = Products;
			sourceTree = "<group>";
		};
		B899337F1D9D6E34005B56AD /* WeiBo */ = {
			isa = PBXGroup;
			children = (
				B80164261D9D747300F9A0BF /* CLasses */,
				B89933801D9D6E34005B56AD /* AppDelegate.swift */,
				B83C32B71D9E166C007D7C3B /* Main.storyboard */,
				B83C32C41D9E2943007D7C3B /* Null.storyboard */,
				B89933871D9D6E34005B56AD /* Assets.xcassets */,
				B899338C1D9D6E34005B56AD /* Info.plist */,
			);
			path = WeiBo;
			sourceTree = "<group>";
		};
		B89933941D9D6E34005B56AD /* WeiBoTests */ = {
			isa = PBXGroup;
			children = (
				B89933951D9D6E34005B56AD /* WeiBoTests.swift */,
				B89933971D9D6E34005B56AD /* Info.plist */,
			);
			path = WeiBoTests;
			sourceTree = "<group>";
		};
		B899339F1D9D6E34005B56AD /* WeiBoUITests */ = {
			isa = PBXGroup;
			children = (
				B89933A01D9D6E34005B56AD /* WeiBoUITests.swift */,
				B89933A21D9D6E34005B56AD /* Info.plist */,
			);
			path = WeiBoUITests;
			sourceTree = "<group>";
		};
		B8FE6F751DA25024006DC08F /* HTTPTools */ = {
			isa = PBXGroup;
			children = (
				B83C32C81D9E40AE007D7C3B /* Category */,
				B83A77531DA0E41A00F4A8CD /* TitleButton.swift */,
				B817C6361DA28FC3008AB6F8 /* Common.swift */,
				B8FE6F761DA25066006DC08F /* HTTPRequestTool.swift */,
			);
			path = HTTPTools;
			sourceTree = "<group>";
		};
/* End PBXGroup section */

/* Begin PBXNativeTarget section */
		B899337C1D9D6E34005B56AD /* WeiBo */ = {
			isa = PBXNativeTarget;
			buildConfigurationList = B89933A51D9D6E34005B56AD /* Build configuration list for PBXNativeTarget "WeiBo" */;
			buildPhases = (
				0045634686CFE4B7FFCF75C7 /* [CP] Check Pods Manifest.lock */,
				B89933791D9D6E34005B56AD /* Sources */,
				B899337A1D9D6E34005B56AD /* Frameworks */,
				B899337B1D9D6E34005B56AD /* Resources */,
				6A5D53D4ADA9CFF41DCFEA49 /* [CP] Embed Pods Frameworks */,
				934F12000087F702F7BF9568 /* [CP] Copy Pods Resources */,
			);
			buildRules = (
			);
			dependencies = (
			);
			name = WeiBo;
			productName = WeiBo;
			productReference = B899337D1D9D6E34005B56AD /* WeiBo.app */;
			productType = "com.apple.product-type.application";
		};
		B89933901D9D6E34005B56AD /* WeiBoTests */ = {
			isa = PBXNativeTarget;
			buildConfigurationList = B89933A81D9D6E34005B56AD /* Build configuration list for PBXNativeTarget "WeiBoTests" */;
			buildPhases = (
				E1292254BE49E58706EFA25E /* [CP] Check Pods Manifest.lock */,
				B899338D1D9D6E34005B56AD /* Sources */,
				B899338E1D9D6E34005B56AD /* Frameworks */,
				B899338F1D9D6E34005B56AD /* Resources */,
				C90A677A634BB2BB00D06994 /* [CP] Embed Pods Frameworks */,
				DCA83CCDA0D4D6909572BEC8 /* [CP] Copy Pods Resources */,
			);
			buildRules = (
			);
			dependencies = (
				B89933931D9D6E34005B56AD /* PBXTargetDependency */,
			);
			name = WeiBoTests;
			productName = WeiBoTests;
			productReference = B89933911D9D6E34005B56AD /* WeiBoTests.xctest */;
			productType = "com.apple.product-type.bundle.unit-test";
		};
		B899339B1D9D6E34005B56AD /* WeiBoUITests */ = {
			isa = PBXNativeTarget;
			buildConfigurationList = B89933AB1D9D6E34005B56AD /* Build configuration list for PBXNativeTarget "WeiBoUITests" */;
			buildPhases = (
				B1DDCBCF680FA26A99D75BCE /* [CP] Check Pods Manifest.lock */,
				B89933981D9D6E34005B56AD /* Sources */,
				B89933991D9D6E34005B56AD /* Frameworks */,
				B899339A1D9D6E34005B56AD /* Resources */,
				A695A0626B2F4CFC73472C5F /* [CP] Copy Pods Resources */,
			);
			buildRules = (
			);
			dependencies = (
				B899339E1D9D6E34005B56AD /* PBXTargetDependency */,
			);
			name = WeiBoUITests;
			productName = WeiBoUITests;
			productReference = B899339C1D9D6E34005B56AD /* WeiBoUITests.xctest */;
			productType = "com.apple.product-type.bundle.ui-testing";
		};
/* End PBXNativeTarget section */

/* Begin PBXProject section */
		B89933751D9D6E34005B56AD /* Project object */ = {
			isa = PBXProject;
			attributes = {
				LastSwiftUpdateCheck = 0710;
				LastUpgradeCheck = 0710;
				ORGANIZATIONNAME = YF;
				TargetAttributes = {
					B899337C1D9D6E34005B56AD = {
						CreatedOnToolsVersion = 7.1;
					};
					B89933901D9D6E34005B56AD = {
						CreatedOnToolsVersion = 7.1;
						TestTargetID = B899337C1D9D6E34005B56AD;
					};
					B899339B1D9D6E34005B56AD = {
						CreatedOnToolsVersion = 7.1;
						TestTargetID = B899337C1D9D6E34005B56AD;
					};
				};
			};
			buildConfigurationList = B89933781D9D6E34005B56AD /* Build configuration list for PBXProject "Weibo" */;
			compatibilityVersion = "Xcode 3.2";
			developmentRegion = English;
			hasScannedForEncodings = 0;
			knownRegions = (
				en,
				Base,
			);
			mainGroup = B89933741D9D6E34005B56AD;
			productRefGroup = B899337E1D9D6E34005B56AD /* Products */;
			projectDirPath = "";
			projectRoot = "";
			targets = (
				B899337C1D9D6E34005B56AD /* WeiBo */,
				B89933901D9D6E34005B56AD /* WeiBoTests */,
				B899339B1D9D6E34005B56AD /* WeiBoUITests */,
			);
		};
/* End PBXProject section */

/* Begin PBXResourcesBuildPhase section */
		B899337B1D9D6E34005B56AD /* Resources */ = {
			isa = PBXResourcesBuildPhase;
			buildActionMask = 2147483647;
			files = (
				B817C6351DA28993008AB6F8 /* OAuthViewController.xib in Resources */,
				B83C32C61D9E2943007D7C3B /* Null.storyboard in Resources */,
				B83C32D41D9E4E9B007D7C3B /* VistorView.xib in Resources */,
				B83A775B1DA0E9F300F4A8CD /* PopoverViewController.xib in Resources */,
				B83C32C31D9E1B44007D7C3B /* Profile.storyboard in Resources */,
				B83C32BC1D9E1AD7007D7C3B /* Home.storyboard in Resources */,
				B89933881D9D6E34005B56AD /* Assets.xcassets in Resources */,
				B83C32C11D9E1B36007D7C3B /* Discover.storyboard in Resources */,
				B83C32BE1D9E1B1F007D7C3B /* Message.storyboard in Resources */,
				B83C32B91D9E166C007D7C3B /* Main.storyboard in Resources */,
			);
			runOnlyForDeploymentPostprocessing = 0;
		};
		B899338F1D9D6E34005B56AD /* Resources */ = {
			isa = PBXResourcesBuildPhase;
			buildActionMask = 2147483647;
			files = (
			);
			runOnlyForDeploymentPostprocessing = 0;
		};
		B899339A1D9D6E34005B56AD /* Resources */ = {
			isa = PBXResourcesBuildPhase;
			buildActionMask = 2147483647;
			files = (
			);
			runOnlyForDeploymentPostprocessing = 0;
		};
/* End PBXResourcesBuildPhase section */

/* Begin PBXShellScriptBuildPhase section */
		0045634686CFE4B7FFCF75C7 /* [CP] Check Pods Manifest.lock */ = {
			isa = PBXShellScriptBuildPhase;
			buildActionMask = 2147483647;
			files = (
			);
			inputPaths = (
			);
			name = "[CP] Check Pods Manifest.lock";
			outputPaths = (
			);
			runOnlyForDeploymentPostprocessing = 0;
			shellPath = /bin/sh;
			shellScript = "diff \"${PODS_ROOT}/../Podfile.lock\" \"${PODS_ROOT}/Manifest.lock\" > /dev/null\nif [[ $? != 0 ]] ; then\n    cat << EOM\nerror: The sandbox is not in sync with the Podfile.lock. Run 'pod install' or update your CocoaPods installation.\nEOM\n    exit 1\nfi\n";
			showEnvVarsInLog = 0;
		};
		6A5D53D4ADA9CFF41DCFEA49 /* [CP] Embed Pods Frameworks */ = {
			isa = PBXShellScriptBuildPhase;
			buildActionMask = 2147483647;
			files = (
			);
			inputPaths = (
			);
			name = "[CP] Embed Pods Frameworks";
			outputPaths = (
			);
			runOnlyForDeploymentPostprocessing = 0;
			shellPath = /bin/sh;
			shellScript = "\"${SRCROOT}/Pods/Target Support Files/Pods-WeiBo/Pods-WeiBo-frameworks.sh\"\n";
			showEnvVarsInLog = 0;
		};
		934F12000087F702F7BF9568 /* [CP] Copy Pods Resources */ = {
			isa = PBXShellScriptBuildPhase;
			buildActionMask = 2147483647;
			files = (
			);
			inputPaths = (
			);
			name = "[CP] Copy Pods Resources";
			outputPaths = (
			);
			runOnlyForDeploymentPostprocessing = 0;
			shellPath = /bin/sh;
			shellScript = "\"${SRCROOT}/Pods/Target Support Files/Pods-WeiBo/Pods-WeiBo-resources.sh\"\n";
			showEnvVarsInLog = 0;
		};
		A695A0626B2F4CFC73472C5F /* [CP] Copy Pods Resources */ = {
			isa = PBXShellScriptBuildPhase;
			buildActionMask = 2147483647;
			files = (
			);
			inputPaths = (
			);
			name = "[CP] Copy Pods Resources";
			outputPaths = (
			);
			runOnlyForDeploymentPostprocessing = 0;
			shellPath = /bin/sh;
			shellScript = "\"${SRCROOT}/Pods/Target Support Files/Pods-WeiBoUITests/Pods-WeiBoUITests-resources.sh\"\n";
			showEnvVarsInLog = 0;
		};
		B1DDCBCF680FA26A99D75BCE /* [CP] Check Pods Manifest.lock */ = {
			isa = PBXShellScriptBuildPhase;
			buildActionMask = 2147483647;
			files = (
			);
			inputPaths = (
			);
			name = "[CP] Check Pods Manifest.lock";
			outputPaths = (
			);
			runOnlyForDeploymentPostprocessing = 0;
			shellPath = /bin/sh;
			shellScript = "diff \"${PODS_ROOT}/../Podfile.lock\" \"${PODS_ROOT}/Manifest.lock\" > /dev/null\nif [[ $? != 0 ]] ; then\n    cat << EOM\nerror: The sandbox is not in sync with the Podfile.lock. Run 'pod install' or update your CocoaPods installation.\nEOM\n    exit 1\nfi\n";
			showEnvVarsInLog = 0;
		};
		C90A677A634BB2BB00D06994 /* [CP] Embed Pods Frameworks */ = {
			isa = PBXShellScriptBuildPhase;
			buildActionMask = 2147483647;
			files = (
			);
			inputPaths = (
			);
			name = "[CP] Embed Pods Frameworks";
			outputPaths = (
			);
			runOnlyForDeploymentPostprocessing = 0;
			shellPath = /bin/sh;
			shellScript = "\"${SRCROOT}/Pods/Target Support Files/Pods-WeiBoTests/Pods-WeiBoTests-frameworks.sh\"\n";
			showEnvVarsInLog = 0;
		};
		DCA83CCDA0D4D6909572BEC8 /* [CP] Copy Pods Resources */ = {
			isa = PBXShellScriptBuildPhase;
			buildActionMask = 2147483647;
			files = (
			);
			inputPaths = (
			);
			name = "[CP] Copy Pods Resources";
			outputPaths = (
			);
			runOnlyForDeploymentPostprocessing = 0;
			shellPath = /bin/sh;
			shellScript = "\"${SRCROOT}/Pods/Target Support Files/Pods-WeiBoTests/Pods-WeiBoTests-resources.sh\"\n";
			showEnvVarsInLog = 0;
		};
		E1292254BE49E58706EFA25E /* [CP] Check Pods Manifest.lock */ = {
			isa = PBXShellScriptBuildPhase;
			buildActionMask = 2147483647;
			files = (
			);
			inputPaths = (
			);
			name = "[CP] Check Pods Manifest.lock";
			outputPaths = (
			);
			runOnlyForDeploymentPostprocessing = 0;
			shellPath = /bin/sh;
			shellScript = "diff \"${PODS_ROOT}/../Podfile.lock\" \"${PODS_ROOT}/Manifest.lock\" > /dev/null\nif [[ $? != 0 ]] ; then\n    cat << EOM\nerror: The sandbox is not in sync with the Podfile.lock. Run 'pod install' or update your CocoaPods installation.\nEOM\n    exit 1\nfi\n";
			showEnvVarsInLog = 0;
		};
/* End PBXShellScriptBuildPhase section */

/* Begin PBXSourcesBuildPhase section */
		B89933791D9D6E34005B56AD /* Sources */ = {
			isa = PBXSourcesBuildPhase;
			buildActionMask = 2147483647;
			files = (
				B817C6371DA28FC3008AB6F8 /* Common.swift in Sources */,
				B83A77521DA0E0AE00F4A8CD /* UIBarButtonItem-Extension.swift in Sources */,
				B817C6391DA29C24008AB6F8 /* UserAccount.swift in Sources */,
				B801643B1D9D780800F9A0BF /* ProfileViewController.swift in Sources */,
				B83C32CA1D9E40DC007D7C3B /* UIButton-Extension.swift in Sources */,
				B84118811DA163450014DCDD /* PopoverViewAnimation.swift in Sources */,
				B817C6341DA28993008AB6F8 /* OAuthViewController.swift in Sources */,
				B83C32D21D9E4E6F007D7C3B /* VistorView.swift in Sources */,
				B83A775A1DA0E9F300F4A8CD /* PopoverViewController.swift in Sources */,
				B83A77541DA0E41A00F4A8CD /* TitleButton.swift in Sources */,
				B83A775D1DA0EFE500F4A8CD /* WBPresentationController.swift in Sources */,
				B89933811D9D6E34005B56AD /* AppDelegate.swift in Sources */,
				B8FE6F771DA25066006DC08F /* HTTPRequestTool.swift in Sources */,
				B801642D1D9D761900F9A0BF /* MainViewController.swift in Sources */,
				B80164371D9D77EB00F9A0BF /* MessageViewController.swift in Sources */,
				B83C32D01D9E4C07007D7C3B /* BaseViewController.swift in Sources */,
				B80164351D9D77D900F9A0BF /* HomeViewController.swift in Sources */,
				B80164391D9D77F900F9A0BF /* DiscoverViewController.swift in Sources */,
			);
			runOnlyForDeploymentPostprocessing = 0;
		};
		B899338D1D9D6E34005B56AD /* Sources */ = {
			isa = PBXSourcesBuildPhase;
			buildActionMask = 2147483647;
			files = (
				B89933961D9D6E34005B56AD /* WeiBoTests.swift in Sources */,
			);
			runOnlyForDeploymentPostprocessing = 0;
		};
		B89933981D9D6E34005B56AD /* Sources */ = {
			isa = PBXSourcesBuildPhase;
			buildActionMask = 2147483647;
			files = (
				B89933A11D9D6E34005B56AD /* WeiBoUITests.swift in Sources */,
			);
			runOnlyForDeploymentPostprocessing = 0;
		};
/* End PBXSourcesBuildPhase section */

/* Begin PBXTargetDependency section */
		B89933931D9D6E34005B56AD /* PBXTargetDependency */ = {
			isa = PBXTargetDependency;
			target = B899337C1D9D6E34005B56AD /* WeiBo */;
			targetProxy = B89933921D9D6E34005B56AD /* PBXContainerItemProxy */;
		};
		B899339E1D9D6E34005B56AD /* PBXTargetDependency */ = {
			isa = PBXTargetDependency;
			target = B899337C1D9D6E34005B56AD /* WeiBo */;
			targetProxy = B899339D1D9D6E34005B56AD /* PBXContainerItemProxy */;
		};
/* End PBXTargetDependency section */

/* Begin PBXVariantGroup section */
		B83C32B71D9E166C007D7C3B /* Main.storyboard */ = {
			isa = PBXVariantGroup;
			children = (
				B83C32B81D9E166C007D7C3B /* Base */,
			);
			name = Main.storyboard;
			sourceTree = "<group>";
		};
		B83C32BA1D9E1AD7007D7C3B /* Home.storyboard */ = {
			isa = PBXVariantGroup;
			children = (
				B83C32BB1D9E1AD7007D7C3B /* Base */,
			);
			name = Home.storyboard;
			path = ../..;
			sourceTree = "<group>";
		};
		B83C32BF1D9E1B36007D7C3B /* Discover.storyboard */ = {
			isa = PBXVariantGroup;
			children = (
				B83C32C01D9E1B36007D7C3B /* Base */,
			);
			name = Discover.storyboard;
			path = ../..;
			sourceTree = "<group>";
		};
		B83C32C41D9E2943007D7C3B /* Null.storyboard */ = {
			isa = PBXVariantGroup;
			children = (
				B83C32C51D9E2943007D7C3B /* Base */,
			);
			name = Null.storyboard;
			sourceTree = "<group>";
		};
/* End PBXVariantGroup section */

/* Begin XCBuildConfiguration section */
		B89933A31D9D6E34005B56AD /* Debug */ = {
			isa = XCBuildConfiguration;
			buildSettings = {
				ALWAYS_SEARCH_USER_PATHS = NO;
				CLANG_CXX_LANGUAGE_STANDARD = "gnu++0x";
				CLANG_CXX_LIBRARY = "libc++";
				CLANG_ENABLE_MODULES = YES;
				CLANG_ENABLE_OBJC_ARC = YES;
				CLANG_WARN_BOOL_CONVERSION = YES;
				CLANG_WARN_CONSTANT_CONVERSION = YES;
				CLANG_WARN_DIRECT_OBJC_ISA_USAGE = YES_ERROR;
				CLANG_WARN_EMPTY_BODY = YES;
				CLANG_WARN_ENUM_CONVERSION = YES;
				CLANG_WARN_INT_CONVERSION = YES;
				CLANG_WARN_OBJC_ROOT_CLASS = YES_ERROR;
				CLANG_WARN_UNREACHABLE_CODE = YES;
				CLANG_WARN__DUPLICATE_METHOD_MATCH = YES;
				"CODE_SIGN_IDENTITY[sdk=iphoneos*]" = "iPhone Developer";
				COPY_PHASE_STRIP = NO;
				DEBUG_INFORMATION_FORMAT = dwarf;
				ENABLE_STRICT_OBJC_MSGSEND = YES;
				ENABLE_TESTABILITY = YES;
				GCC_C_LANGUAGE_STANDARD = gnu99;
				GCC_DYNAMIC_NO_PIC = NO;
				GCC_NO_COMMON_BLOCKS = YES;
				GCC_OPTIMIZATION_LEVEL = 0;
				GCC_PREPROCESSOR_DEFINITIONS = (
					"DEBUG=1",
					"$(inherited)",
				);
				GCC_WARN_64_TO_32_BIT_CONVERSION = YES;
				GCC_WARN_ABOUT_RETURN_TYPE = YES_ERROR;
				GCC_WARN_UNDECLARED_SELECTOR = YES;
				GCC_WARN_UNINITIALIZED_AUTOS = YES_AGGRESSIVE;
				GCC_WARN_UNUSED_FUNCTION = YES;
				GCC_WARN_UNUSED_VARIABLE = YES;
				IPHONEOS_DEPLOYMENT_TARGET = 9.1;
				MTL_ENABLE_DEBUG_INFO = YES;
				ONLY_ACTIVE_ARCH = YES;
				SDKROOT = iphoneos;
				SWIFT_OPTIMIZATION_LEVEL = "-Onone";
			};
			name = Debug;
		};
		B89933A41D9D6E34005B56AD /* Release */ = {
			isa = XCBuildConfiguration;
			buildSettings = {
				ALWAYS_SEARCH_USER_PATHS = NO;
				CLANG_CXX_LANGUAGE_STANDARD = "gnu++0x";
				CLANG_CXX_LIBRARY = "libc++";
				CLANG_ENABLE_MODULES = YES;
				CLANG_ENABLE_OBJC_ARC = YES;
				CLANG_WARN_BOOL_CONVERSION = YES;
				CLANG_WARN_CONSTANT_CONVERSION = YES;
				CLANG_WARN_DIRECT_OBJC_ISA_USAGE = YES_ERROR;
				CLANG_WARN_EMPTY_BODY = YES;
				CLANG_WARN_ENUM_CONVERSION = YES;
				CLANG_WARN_INT_CONVERSION = YES;
				CLANG_WARN_OBJC_ROOT_CLASS = YES_ERROR;
				CLANG_WARN_UNREACHABLE_CODE = YES;
				CLANG_WARN__DUPLICATE_METHOD_MATCH = YES;
				"CODE_SIGN_IDENTITY[sdk=iphoneos*]" = "iPhone Developer";
				COPY_PHASE_STRIP = NO;
				DEBUG_INFORMATION_FORMAT = "dwarf-with-dsym";
				ENABLE_NS_ASSERTIONS = NO;
				ENABLE_STRICT_OBJC_MSGSEND = YES;
				GCC_C_LANGUAGE_STANDARD = gnu99;
				GCC_NO_COMMON_BLOCKS = YES;
				GCC_WARN_64_TO_32_BIT_CONVERSION = YES;
				GCC_WARN_ABOUT_RETURN_TYPE = YES_ERROR;
				GCC_WARN_UNDECLARED_SELECTOR = YES;
				GCC_WARN_UNINITIALIZED_AUTOS = YES_AGGRESSIVE;
				GCC_WARN_UNUSED_FUNCTION = YES;
				GCC_WARN_UNUSED_VARIABLE = YES;
				IPHONEOS_DEPLOYMENT_TARGET = 9.1;
				MTL_ENABLE_DEBUG_INFO = NO;
				SDKROOT = iphoneos;
				VALIDATE_PRODUCT = YES;
			};
			name = Release;
		};
		B89933A61D9D6E34005B56AD /* Debug */ = {
			isa = XCBuildConfiguration;
			baseConfigurationReference = F3D74B9FE996942BCD16B33A /* Pods-WeiBo.debug.xcconfig */;
			buildSettings = {
				ASSETCATALOG_COMPILER_APPICON_NAME = AppIcon;
				ASSETCATALOG_COMPILER_LAUNCHIMAGE_NAME = LaunchImage;
				INFOPLIST_FILE = WeiBo/Info.plist;
				LD_RUNPATH_SEARCH_PATHS = "$(inherited) @executable_path/Frameworks";
				PRODUCT_BUNDLE_IDENTIFIER = yangfan.WeiBo;
				PRODUCT_NAME = "$(TARGET_NAME)";
			};
			name = Debug;
		};
		B89933A71D9D6E34005B56AD /* Release */ = {
			isa = XCBuildConfiguration;
			baseConfigurationReference = 6CE74A69B633AE8877927589 /* Pods-WeiBo.release.xcconfig */;
			buildSettings = {
				ASSETCATALOG_COMPILER_APPICON_NAME = AppIcon;
				ASSETCATALOG_COMPILER_LAUNCHIMAGE_NAME = LaunchImage;
				INFOPLIST_FILE = WeiBo/Info.plist;
				LD_RUNPATH_SEARCH_PATHS = "$(inherited) @executable_path/Frameworks";
				PRODUCT_BUNDLE_IDENTIFIER = yangfan.WeiBo;
				PRODUCT_NAME = "$(TARGET_NAME)";
			};
			name = Release;
		};
		B89933A91D9D6E34005B56AD /* Debug */ = {
			isa = XCBuildConfiguration;
			baseConfigurationReference = 8F8570C1B05609FA799A00A9 /* Pods-WeiBoTests.debug.xcconfig */;
			buildSettings = {
				BUNDLE_LOADER = "$(TEST_HOST)";
				INFOPLIST_FILE = WeiBoTests/Info.plist;
				LD_RUNPATH_SEARCH_PATHS = "$(inherited) @executable_path/Frameworks @loader_path/Frameworks";
				PRODUCT_BUNDLE_IDENTIFIER = yangfan.WeiBoTests;
				PRODUCT_NAME = "$(TARGET_NAME)";
				TEST_HOST = "$(BUILT_PRODUCTS_DIR)/WeiBo.app/WeiBo";
			};
			name = Debug;
		};
		B89933AA1D9D6E34005B56AD /* Release */ = {
			isa = XCBuildConfiguration;
			baseConfigurationReference = 6A9961BA5DD61BF287921D05 /* Pods-WeiBoTests.release.xcconfig */;
			buildSettings = {
				BUNDLE_LOADER = "$(TEST_HOST)";
				INFOPLIST_FILE = WeiBoTests/Info.plist;
				LD_RUNPATH_SEARCH_PATHS = "$(inherited) @executable_path/Frameworks @loader_path/Frameworks";
				PRODUCT_BUNDLE_IDENTIFIER = yangfan.WeiBoTests;
				PRODUCT_NAME = "$(TARGET_NAME)";
				TEST_HOST = "$(BUILT_PRODUCTS_DIR)/WeiBo.app/WeiBo";
			};
			name = Release;
		};
		B89933AC1D9D6E34005B56AD /* Debug */ = {
			isa = XCBuildConfiguration;
			baseConfigurationReference = D2C9C42336C1762F39A758C5 /* Pods-WeiBoUITests.debug.xcconfig */;
			buildSettings = {
				INFOPLIST_FILE = WeiBoUITests/Info.plist;
				LD_RUNPATH_SEARCH_PATHS = "$(inherited) @executable_path/Frameworks @loader_path/Frameworks";
				PRODUCT_BUNDLE_IDENTIFIER = yangfan.WeiBoUITests;
				PRODUCT_NAME = "$(TARGET_NAME)";
				TEST_TARGET_NAME = WeiBo;
				USES_XCTRUNNER = YES;
			};
			name = Debug;
		};
		B89933AD1D9D6E34005B56AD /* Release */ = {
			isa = XCBuildConfiguration;
			baseConfigurationReference = 51ECFBB0BC1CFBD70A9700F7 /* Pods-WeiBoUITests.release.xcconfig */;
			buildSettings = {
				INFOPLIST_FILE = WeiBoUITests/Info.plist;
				LD_RUNPATH_SEARCH_PATHS = "$(inherited) @executable_path/Frameworks @loader_path/Frameworks";
				PRODUCT_BUNDLE_IDENTIFIER = yangfan.WeiBoUITests;
				PRODUCT_NAME = "$(TARGET_NAME)";
				TEST_TARGET_NAME = WeiBo;
				USES_XCTRUNNER = YES;
			};
			name = Release;
		};
/* End XCBuildConfiguration section */

/* Begin XCConfigurationList section */
		B89933781D9D6E34005B56AD /* Build configuration list for PBXProject "Weibo" */ = {
			isa = XCConfigurationList;
			buildConfigurations = (
				B89933A31D9D6E34005B56AD /* Debug */,
				B89933A41D9D6E34005B56AD /* Release */,
			);
			defaultConfigurationIsVisible = 0;
			defaultConfigurationName = Release;
		};
		B89933A51D9D6E34005B56AD /* Build configuration list for PBXNativeTarget "WeiBo" */ = {
			isa = XCConfigurationList;
			buildConfigurations = (
				B89933A61D9D6E34005B56AD /* Debug */,
				B89933A71D9D6E34005B56AD /* Release */,
			);
			defaultConfigurationIsVisible = 0;
			defaultConfigurationName = Release;
		};
		B89933A81D9D6E34005B56AD /* Build configuration list for PBXNativeTarget "WeiBoTests" */ = {
			isa = XCConfigurationList;
			buildConfigurations = (
				B89933A91D9D6E34005B56AD /* Debug */,
				B89933AA1D9D6E34005B56AD /* Release */,
			);
			defaultConfigurationIsVisible = 0;
			defaultConfigurationName = Release;
		};
		B89933AB1D9D6E34005B56AD /* Build configuration list for PBXNativeTarget "WeiBoUITests" */ = {
			isa = XCConfigurationList;
			buildConfigurations = (
				B89933AC1D9D6E34005B56AD /* Debug */,
				B89933AD1D9D6E34005B56AD /* Release */,
			);
			defaultConfigurationIsVisible = 0;
			defaultConfigurationName = Release;
		};
/* End XCConfigurationList section */
	};
	rootObject = B89933751D9D6E34005B56AD /* Project object */;
}
